// !$*UTF8*$!
{
	archiveVersion = 1;
	classes = {
	};
	objectVersion = 55;
	objects = {

/* Begin PBXBuildFile section */
		F50E4F0129719F7500AFFE42 /* Tests_iOS.swift in Sources */ = {isa = PBXBuildFile; fileRef = F50E4F0029719F7500AFFE42 /* Tests_iOS.swift */; };
		F50E4F0329719F7500AFFE42 /* Tests_iOSLaunchTests.swift in Sources */ = {isa = PBXBuildFile; fileRef = F50E4F0229719F7500AFFE42 /* Tests_iOSLaunchTests.swift */; };
		F50E4F0D29719F7500AFFE42 /* Tests_macOS.swift in Sources */ = {isa = PBXBuildFile; fileRef = F50E4F0C29719F7500AFFE42 /* Tests_macOS.swift */; };
		F50E4F0F29719F7500AFFE42 /* Tests_macOSLaunchTests.swift in Sources */ = {isa = PBXBuildFile; fileRef = F50E4F0E29719F7500AFFE42 /* Tests_macOSLaunchTests.swift */; };
		F50E4F1029719F7500AFFE42 /* CloudApp.swift in Sources */ = {isa = PBXBuildFile; fileRef = F50E4EE829719F7300AFFE42 /* CloudApp.swift */; };
		F50E4F1129719F7500AFFE42 /* CloudApp.swift in Sources */ = {isa = PBXBuildFile; fileRef = F50E4EE829719F7300AFFE42 /* CloudApp.swift */; };
		F50E4F1229719F7500AFFE42 /* ContentView.swift in Sources */ = {isa = PBXBuildFile; fileRef = F50E4EE929719F7300AFFE42 /* ContentView.swift */; };
		F50E4F1329719F7500AFFE42 /* ContentView.swift in Sources */ = {isa = PBXBuildFile; fileRef = F50E4EE929719F7300AFFE42 /* ContentView.swift */; };
		F50E4F1429719F7500AFFE42 /* Assets.xcassets in Resources */ = {isa = PBXBuildFile; fileRef = F50E4EEA29719F7500AFFE42 /* Assets.xcassets */; };
		F50E4F1529719F7500AFFE42 /* Assets.xcassets in Resources */ = {isa = PBXBuildFile; fileRef = F50E4EEA29719F7500AFFE42 /* Assets.xcassets */; };
/* End PBXBuildFile section */

/* Begin PBXContainerItemProxy section */
		F50E4EFD29719F7500AFFE42 /* PBXContainerItemProxy */ = {
			isa = PBXContainerItemProxy;
			containerPortal = F50E4EE329719F7300AFFE42 /* Project object */;
			proxyType = 1;
			remoteGlobalIDString = F50E4EEE29719F7500AFFE42;
			remoteInfo = "Cloud (iOS)";
		};
		F50E4F0929719F7500AFFE42 /* PBXContainerItemProxy */ = {
			isa = PBXContainerItemProxy;
			containerPortal = F50E4EE329719F7300AFFE42 /* Project object */;
			proxyType = 1;
			remoteGlobalIDString = F50E4EF429719F7500AFFE42;
			remoteInfo = "Cloud (macOS)";
		};
/* End PBXContainerItemProxy section */

/* Begin PBXFileReference section */
		F50E4EE829719F7300AFFE42 /* CloudApp.swift */ = {isa = PBXFileReference; lastKnownFileType = sourcecode.swift; path = CloudApp.swift; sourceTree = "<group>"; };
		F50E4EE929719F7300AFFE42 /* ContentView.swift */ = {isa = PBXFileReference; lastKnownFileType = sourcecode.swift; path = ContentView.swift; sourceTree = "<group>"; };
		F50E4EEA29719F7500AFFE42 /* Assets.xcassets */ = {isa = PBXFileReference; lastKnownFileType = folder.assetcatalog; path = Assets.xcassets; sourceTree = "<group>"; };
		F50E4EEF29719F7500AFFE42 /* Cloud.app */ = {isa = PBXFileReference; explicitFileType = wrapper.application; includeInIndex = 0; path = Cloud.app; sourceTree = BUILT_PRODUCTS_DIR; };
		F50E4EF529719F7500AFFE42 /* Cloud.app */ = {isa = PBXFileReference; explicitFileType = wrapper.application; includeInIndex = 0; path = Cloud.app; sourceTree = BUILT_PRODUCTS_DIR; };
		F50E4EF729719F7500AFFE42 /* macOS.entitlements */ = {isa = PBXFileReference; lastKnownFileType = text.plist.entitlements; path = macOS.entitlements; sourceTree = "<group>"; };
		F50E4EFC29719F7500AFFE42 /* Tests iOS.xctest */ = {isa = PBXFileReference; explicitFileType = wrapper.cfbundle; includeInIndex = 0; path = "Tests iOS.xctest"; sourceTree = BUILT_PRODUCTS_DIR; };
		F50E4F0029719F7500AFFE42 /* Tests_iOS.swift */ = {isa = PBXFileReference; lastKnownFileType = sourcecode.swift; path = Tests_iOS.swift; sourceTree = "<group>"; };
		F50E4F0229719F7500AFFE42 /* Tests_iOSLaunchTests.swift */ = {isa = PBXFileReference; lastKnownFileType = sourcecode.swift; path = Tests_iOSLaunchTests.swift; sourceTree = "<group>"; };
		F50E4F0829719F7500AFFE42 /* Tests macOS.xctest */ = {isa = PBXFileReference; explicitFileType = wrapper.cfbundle; includeInIndex = 0; path = "Tests macOS.xctest"; sourceTree = BUILT_PRODUCTS_DIR; };
		F50E4F0C29719F7500AFFE42 /* Tests_macOS.swift */ = {isa = PBXFileReference; lastKnownFileType = sourcecode.swift; path = Tests_macOS.swift; sourceTree = "<group>"; };
		F50E4F0E29719F7500AFFE42 /* Tests_macOSLaunchTests.swift */ = {isa = PBXFileReference; lastKnownFileType = sourcecode.swift; path = Tests_macOSLaunchTests.swift; sourceTree = "<group>"; };
/* End PBXFileReference section */

/* Begin PBXFrameworksBuildPhase section */
		F50E4EEC29719F7500AFFE42 /* Frameworks */ = {
			isa = PBXFrameworksBuildPhase;
			buildActionMask = 2147483647;
			files = (
			);
			runOnlyForDeploymentPostprocessing = 0;
		};
		F50E4EF229719F7500AFFE42 /* Frameworks */ = {
			isa = PBXFrameworksBuildPhase;
			buildActionMask = 2147483647;
			files = (
			);
			runOnlyForDeploymentPostprocessing = 0;
		};
		F50E4EF929719F7500AFFE42 /* Frameworks */ = {
			isa = PBXFrameworksBuildPhase;
			buildActionMask = 2147483647;
			files = (
			);
			runOnlyForDeploymentPostprocessing = 0;
		};
		F50E4F0529719F7500AFFE42 /* Frameworks */ = {
			isa = PBXFrameworksBuildPhase;
			buildActionMask = 2147483647;
			files = (
			);
			runOnlyForDeploymentPostprocessing = 0;
		};
/* End PBXFrameworksBuildPhase section */

/* Begin PBXGroup section */
		F50E4EE229719F7300AFFE42 = {
			isa = PBXGroup;
			children = (
				F50E4EE729719F7300AFFE42 /* Shared */,
				F50E4EF629719F7500AFFE42 /* macOS */,
				F50E4EFF29719F7500AFFE42 /* Tests iOS */,
				F50E4F0B29719F7500AFFE42 /* Tests macOS */,
				F50E4EF029719F7500AFFE42 /* Products */,
			);
			sourceTree = "<group>";
		};
		F50E4EE729719F7300AFFE42 /* Shared */ = {
			isa = PBXGroup;
			children = (
				F50E4EE829719F7300AFFE42 /* CloudApp.swift */,
				F50E4EE929719F7300AFFE42 /* ContentView.swift */,
				F50E4EEA29719F7500AFFE42 /* Assets.xcassets */,
			);
			path = Shared;
			sourceTree = "<group>";
		};
		F50E4EF029719F7500AFFE42 /* Products */ = {
			isa = PBXGroup;
			children = (
				F50E4EEF29719F7500AFFE42 /* Cloud.app */,
				F50E4EF529719F7500AFFE42 /* Cloud.app */,
				F50E4EFC29719F7500AFFE42 /* Tests iOS.xctest */,
				F50E4F0829719F7500AFFE42 /* Tests macOS.xctest */,
			);
			name = Products;
			sourceTree = "<group>";
		};
		F50E4EF629719F7500AFFE42 /* macOS */ = {
			isa = PBXGroup;
			children = (
				F50E4EF729719F7500AFFE42 /* macOS.entitlements */,
			);
			path = macOS;
			sourceTree = "<group>";
		};
		F50E4EFF29719F7500AFFE42 /* Tests iOS */ = {
			isa = PBXGroup;
			children = (
				F50E4F0029719F7500AFFE42 /* Tests_iOS.swift */,
				F50E4F0229719F7500AFFE42 /* Tests_iOSLaunchTests.swift */,
			);
			path = "Tests iOS";
			sourceTree = "<group>";
		};
		F50E4F0B29719F7500AFFE42 /* Tests macOS */ = {
			isa = PBXGroup;
			children = (
				F50E4F0C29719F7500AFFE42 /* Tests_macOS.swift */,
				F50E4F0E29719F7500AFFE42 /* Tests_macOSLaunchTests.swift */,
			);
			path = "Tests macOS";
			sourceTree = "<group>";
		};
/* End PBXGroup section */

/* Begin PBXNativeTarget section */
		F50E4EEE29719F7500AFFE42 /* Cloud (iOS) */ = {
			isa = PBXNativeTarget;
			buildConfigurationList = F50E4F1829719F7500AFFE42 /* Build configuration list for PBXNativeTarget "Cloud (iOS)" */;
			buildPhases = (
				F50E4EEB29719F7500AFFE42 /* Sources */,
				F50E4EEC29719F7500AFFE42 /* Frameworks */,
				F50E4EED29719F7500AFFE42 /* Resources */,
			);
			buildRules = (
			);
			dependencies = (
			);
			name = "Cloud (iOS)";
			productName = "Cloud (iOS)";
			productReference = F50E4EEF29719F7500AFFE42 /* Cloud.app */;
			productType = "com.apple.product-type.application";
		};
		F50E4EF429719F7500AFFE42 /* Cloud (macOS) */ = {
			isa = PBXNativeTarget;
			buildConfigurationList = F50E4F1B29719F7500AFFE42 /* Build configuration list for PBXNativeTarget "Cloud (macOS)" */;
			buildPhases = (
				F50E4EF129719F7500AFFE42 /* Sources */,
				F50E4EF229719F7500AFFE42 /* Frameworks */,
				F50E4EF329719F7500AFFE42 /* Resources */,
			);
			buildRules = (
			);
			dependencies = (
			);
			name = "Cloud (macOS)";
			productName = "Cloud (macOS)";
			productReference = F50E4EF529719F7500AFFE42 /* Cloud.app */;
			productType = "com.apple.product-type.application";
		};
		F50E4EFB29719F7500AFFE42 /* Tests iOS */ = {
			isa = PBXNativeTarget;
			buildConfigurationList = F50E4F1E29719F7500AFFE42 /* Build configuration list for PBXNativeTarget "Tests iOS" */;
			buildPhases = (
				F50E4EF829719F7500AFFE42 /* Sources */,
				F50E4EF929719F7500AFFE42 /* Frameworks */,
				F50E4EFA29719F7500AFFE42 /* Resources */,
			);
			buildRules = (
			);
			dependencies = (
				F50E4EFE29719F7500AFFE42 /* PBXTargetDependency */,
			);
			name = "Tests iOS";
			productName = "Tests iOS";
			productReference = F50E4EFC29719F7500AFFE42 /* Tests iOS.xctest */;
			productType = "com.apple.product-type.bundle.ui-testing";
		};
		F50E4F0729719F7500AFFE42 /* Tests macOS */ = {
			isa = PBXNativeTarget;
			buildConfigurationList = F50E4F2129719F7500AFFE42 /* Build configuration list for PBXNativeTarget "Tests macOS" */;
			buildPhases = (
				F50E4F0429719F7500AFFE42 /* Sources */,
				F50E4F0529719F7500AFFE42 /* Frameworks */,
				F50E4F0629719F7500AFFE42 /* Resources */,
			);
			buildRules = (
			);
			dependencies = (
				F50E4F0A29719F7500AFFE42 /* PBXTargetDependency */,
			);
			name = "Tests macOS";
			productName = "Tests macOS";
			productReference = F50E4F0829719F7500AFFE42 /* Tests macOS.xctest */;
			productType = "com.apple.product-type.bundle.ui-testing";
		};
/* End PBXNativeTarget section */

/* Begin PBXProject section */
		F50E4EE329719F7300AFFE42 /* Project object */ = {
			isa = PBXProject;
			attributes = {
				BuildIndependentTargetsInParallel = 1;
				LastSwiftUpdateCheck = 1310;
				LastUpgradeCheck = 1310;
				TargetAttributes = {
					F50E4EEE29719F7500AFFE42 = {
						CreatedOnToolsVersion = 13.1;
					};
					F50E4EF429719F7500AFFE42 = {
						CreatedOnToolsVersion = 13.1;
					};
					F50E4EFB29719F7500AFFE42 = {
						CreatedOnToolsVersion = 13.1;
						TestTargetID = F50E4EEE29719F7500AFFE42;
					};
					F50E4F0729719F7500AFFE42 = {
						CreatedOnToolsVersion = 13.1;
						TestTargetID = F50E4EF429719F7500AFFE42;
					};
				};
			};
			buildConfigurationList = F50E4EE629719F7300AFFE42 /* Build configuration list for PBXProject "Cloud" */;
			compatibilityVersion = "Xcode 13.0";
			developmentRegion = en;
			hasScannedForEncodings = 0;
			knownRegions = (
				en,
				Base,
			);
			mainGroup = F50E4EE229719F7300AFFE42;
			productRefGroup = F50E4EF029719F7500AFFE42 /* Products */;
			projectDirPath = "";
			projectRoot = "";
			targets = (
				F50E4EEE29719F7500AFFE42 /* Cloud (iOS) */,
				F50E4EF429719F7500AFFE42 /* Cloud (macOS) */,
				F50E4EFB29719F7500AFFE42 /* Tests iOS */,
				F50E4F0729719F7500AFFE42 /* Tests macOS */,
			);
		};
/* End PBXProject section */

/* Begin PBXResourcesBuildPhase section */
		F50E4EED29719F7500AFFE42 /* Resources */ = {
			isa = PBXResourcesBuildPhase;
			buildActionMask = 2147483647;
			files = (
				F50E4F1429719F7500AFFE42 /* Assets.xcassets in Resources */,
			);
			runOnlyForDeploymentPostprocessing = 0;
		};
		F50E4EF329719F7500AFFE42 /* Resources */ = {
			isa = PBXResourcesBuildPhase;
			buildActionMask = 2147483647;
			files = (
				F50E4F1529719F7500AFFE42 /* Assets.xcassets in Resources */,
			);
			runOnlyForDeploymentPostprocessing = 0;
		};
		F50E4EFA29719F7500AFFE42 /* Resources */ = {
			isa = PBXResourcesBuildPhase;
			buildActionMask = 2147483647;
			files = (
			);
			runOnlyForDeploymentPostprocessing = 0;
		};
		F50E4F0629719F7500AFFE42 /* Resources */ = {
			isa = PBXResourcesBuildPhase;
			buildActionMask = 2147483647;
			files = (
			);
			runOnlyForDeploymentPostprocessing = 0;
		};
/* End PBXResourcesBuildPhase section */

/* Begin PBXSourcesBuildPhase section */
		F50E4EEB29719F7500AFFE42 /* Sources */ = {
			isa = PBXSourcesBuildPhase;
			buildActionMask = 2147483647;
			files = (
				F50E4F1229719F7500AFFE42 /* ContentView.swift in Sources */,
				F50E4F1029719F7500AFFE42 /* CloudApp.swift in Sources */,
			);
			runOnlyForDeploymentPostprocessing = 0;
		};
		F50E4EF129719F7500AFFE42 /* Sources */ = {
			isa = PBXSourcesBuildPhase;
			buildActionMask = 2147483647;
			files = (
				F50E4F1329719F7500AFFE42 /* ContentView.swift in Sources */,
				F50E4F1129719F7500AFFE42 /* CloudApp.swift in Sources */,
			);
			runOnlyForDeploymentPostprocessing = 0;
		};
		F50E4EF829719F7500AFFE42 /* Sources */ = {
			isa = PBXSourcesBuildPhase;
			buildActionMask = 2147483647;
			files = (
				F50E4F0329719F7500AFFE42 /* Tests_iOSLaunchTests.swift in Sources */,
				F50E4F0129719F7500AFFE42 /* Tests_iOS.swift in Sources */,
			);
			runOnlyForDeploymentPostprocessing = 0;
		};
		F50E4F0429719F7500AFFE42 /* Sources */ = {
			isa = PBXSourcesBuildPhase;
			buildActionMask = 2147483647;
			files = (
				F50E4F0F29719F7500AFFE42 /* Tests_macOSLaunchTests.swift in Sources */,
				F50E4F0D29719F7500AFFE42 /* Tests_macOS.swift in Sources */,
			);
			runOnlyForDeploymentPostprocessing = 0;
		};
/* End PBXSourcesBuildPhase section */

/* Begin PBXTargetDependency section */
		F50E4EFE29719F7500AFFE42 /* PBXTargetDependency */ = {
			isa = PBXTargetDependency;
			target = F50E4EEE29719F7500AFFE42 /* Cloud (iOS) */;
			targetProxy = F50E4EFD29719F7500AFFE42 /* PBXContainerItemProxy */;
		};
		F50E4F0A29719F7500AFFE42 /* PBXTargetDependency */ = {
			isa = PBXTargetDependency;
			target = F50E4EF429719F7500AFFE42 /* Cloud (macOS) */;
			targetProxy = F50E4F0929719F7500AFFE42 /* PBXContainerItemProxy */;
		};
/* End PBXTargetDependency section */

/* Begin XCBuildConfiguration section */
		F50E4F1629719F7500AFFE42 /* Debug */ = {
			isa = XCBuildConfiguration;
			buildSettings = {
				ALWAYS_SEARCH_USER_PATHS = NO;
				CLANG_ANALYZER_NONNULL = YES;
				CLANG_ANALYZER_NUMBER_OBJECT_CONVERSION = YES_AGGRESSIVE;
				CLANG_CXX_LANGUAGE_STANDARD = "gnu++17";
				CLANG_CXX_LIBRARY = "libc++";
				CLANG_ENABLE_MODULES = YES;
				CLANG_ENABLE_OBJC_ARC = YES;
				CLANG_ENABLE_OBJC_WEAK = YES;
				CLANG_WARN_BLOCK_CAPTURE_AUTORELEASING = YES;
				CLANG_WARN_BOOL_CONVERSION = YES;
				CLANG_WARN_COMMA = YES;
				CLANG_WARN_CONSTANT_CONVERSION = YES;
				CLANG_WARN_DEPRECATED_OBJC_IMPLEMENTATIONS = YES;
				CLANG_WARN_DIRECT_OBJC_ISA_USAGE = YES_ERROR;
				CLANG_WARN_DOCUMENTATION_COMMENTS = YES;
				CLANG_WARN_EMPTY_BODY = YES;
				CLANG_WARN_ENUM_CONVERSION = YES;
				CLANG_WARN_INFINITE_RECURSION = YES;
				CLANG_WARN_INT_CONVERSION = YES;
				CLANG_WARN_NON_LITERAL_NULL_CONVERSION = YES;
				CLANG_WARN_OBJC_IMPLICIT_RETAIN_SELF = YES;
				CLANG_WARN_OBJC_LITERAL_CONVERSION = YES;
				CLANG_WARN_OBJC_ROOT_CLASS = YES_ERROR;
				CLANG_WARN_QUOTED_INCLUDE_IN_FRAMEWORK_HEADER = YES;
				CLANG_WARN_RANGE_LOOP_ANALYSIS = YES;
				CLANG_WARN_STRICT_PROTOTYPES = YES;
				CLANG_WARN_SUSPICIOUS_MOVE = YES;
				CLANG_WARN_UNGUARDED_AVAILABILITY = YES_AGGRESSIVE;
				CLANG_WARN_UNREACHABLE_CODE = YES;
				CLANG_WARN__DUPLICATE_METHOD_MATCH = YES;
				COPY_PHASE_STRIP = NO;
				DEBUG_INFORMATION_FORMAT = dwarf;
				ENABLE_STRICT_OBJC_MSGSEND = YES;
				ENABLE_TESTABILITY = YES;
				GCC_C_LANGUAGE_STANDARD = gnu11;
				GCC_DYNAMIC_NO_PIC = NO;
				GCC_NO_COMMON_BLOCKS = YES;
				GCC_OPTIMIZATION_LEVEL = 0;
				GCC_PREPROCESSOR_DEFINITIONS = (
					"DEBUG=1",
					"$(inherited)",
				);
				GCC_WARN_64_TO_32_BIT_CONVERSION = YES;
				GCC_WARN_ABOUT_RETURN_TYPE = YES_ERROR;
				GCC_WARN_UNDECLARED_SELECTOR = YES;
				GCC_WARN_UNINITIALIZED_AUTOS = YES_AGGRESSIVE;
				GCC_WARN_UNUSED_FUNCTION = YES;
				GCC_WARN_UNUSED_VARIABLE = YES;
				MTL_ENABLE_DEBUG_INFO = INCLUDE_SOURCE;
				MTL_FAST_MATH = YES;
				ONLY_ACTIVE_ARCH = YES;
				SWIFT_ACTIVE_COMPILATION_CONDITIONS = DEBUG;
				SWIFT_OPTIMIZATION_LEVEL = "-Onone";
			};
			name = Debug;
		};
		F50E4F1729719F7500AFFE42 /* Release */ = {
			isa = XCBuildConfiguration;
			buildSettings = {
				ALWAYS_SEARCH_USER_PATHS = NO;
				CLANG_ANALYZER_NONNULL = YES;
				CLANG_ANALYZER_NUMBER_OBJECT_CONVERSION = YES_AGGRESSIVE;
				CLANG_CXX_LANGUAGE_STANDARD = "gnu++17";
				CLANG_CXX_LIBRARY = "libc++";
				CLANG_ENABLE_MODULES = YES;
				CLANG_ENABLE_OBJC_ARC = YES;
				CLANG_ENABLE_OBJC_WEAK = YES;
				CLANG_WARN_BLOCK_CAPTURE_AUTORELEASING = YES;
				CLANG_WARN_BOOL_CONVERSION = YES;
				CLANG_WARN_COMMA = YES;
				CLANG_WARN_CONSTANT_CONVERSION = YES;
				CLANG_WARN_DEPRECATED_OBJC_IMPLEMENTATIONS = YES;
				CLANG_WARN_DIRECT_OBJC_ISA_USAGE = YES_ERROR;
				CLANG_WARN_DOCUMENTATION_COMMENTS = YES;
				CLANG_WARN_EMPTY_BODY = YES;
				CLANG_WARN_ENUM_CONVERSION = YES;
				CLANG_WARN_INFINITE_RECURSION = YES;
				CLANG_WARN_INT_CONVERSION = YES;
				CLANG_WARN_NON_LITERAL_NULL_CONVERSION = YES;
				CLANG_WARN_OBJC_IMPLICIT_RETAIN_SELF = YES;
				CLANG_WARN_OBJC_LITERAL_CONVERSION = YES;
				CLANG_WARN_OBJC_ROOT_CLASS = YES_ERROR;
				CLANG_WARN_QUOTED_INCLUDE_IN_FRAMEWORK_HEADER = YES;
				CLANG_WARN_RANGE_LOOP_ANALYSIS = YES;
				CLANG_WARN_STRICT_PROTOTYPES = YES;
				CLANG_WARN_SUSPICIOUS_MOVE = YES;
				CLANG_WARN_UNGUARDED_AVAILABILITY = YES_AGGRESSIVE;
				CLANG_WARN_UNREACHABLE_CODE = YES;
				CLANG_WARN__DUPLICATE_METHOD_MATCH = YES;
				COPY_PHASE_STRIP = NO;
				DEBUG_INFORMATION_FORMAT = "dwarf-with-dsym";
				ENABLE_NS_ASSERTIONS = NO;
				ENABLE_STRICT_OBJC_MSGSEND = YES;
				GCC_C_LANGUAGE_STANDARD = gnu11;
				GCC_NO_COMMON_BLOCKS = YES;
				GCC_WARN_64_TO_32_BIT_CONVERSION = YES;
				GCC_WARN_ABOUT_RETURN_TYPE = YES_ERROR;
				GCC_WARN_UNDECLARED_SELECTOR = YES;
				GCC_WARN_UNINITIALIZED_AUTOS = YES_AGGRESSIVE;
				GCC_WARN_UNUSED_FUNCTION = YES;
				GCC_WARN_UNUSED_VARIABLE = YES;
				MTL_ENABLE_DEBUG_INFO = NO;
				MTL_FAST_MATH = YES;
				SWIFT_COMPILATION_MODE = wholemodule;
				SWIFT_OPTIMIZATION_LEVEL = "-O";
			};
			name = Release;
		};
		F50E4F1929719F7500AFFE42 /* Debug */ = {
			isa = XCBuildConfiguration;
			buildSettings = {
				ASSETCATALOG_COMPILER_APPICON_NAME = AppIcon;
				ASSETCATALOG_COMPILER_GLOBAL_ACCENT_COLOR_NAME = AccentColor;
				CODE_SIGN_IDENTITY = "iPhone Developer";
				CODE_SIGN_STYLE = Manual;
				CURRENT_PROJECT_VERSION = 1;
				DEVELOPMENT_TEAM = 842X47DEU9;
				ENABLE_PREVIEWS = YES;
				GENERATE_INFOPLIST_FILE = YES;
				INFOPLIST_KEY_UIApplicationSceneManifest_Generation = YES;
				INFOPLIST_KEY_UIApplicationSupportsIndirectInputEvents = YES;
				INFOPLIST_KEY_UILaunchScreen_Generation = YES;
				INFOPLIST_KEY_UISupportedInterfaceOrientations_iPad = "UIInterfaceOrientationPortrait UIInterfaceOrientationPortraitUpsideDown UIInterfaceOrientationLandscapeLeft UIInterfaceOrientationLandscapeRight";
				INFOPLIST_KEY_UISupportedInterfaceOrientations_iPhone = "UIInterfaceOrientationPortrait UIInterfaceOrientationLandscapeLeft UIInterfaceOrientationLandscapeRight";
				IPHONEOS_DEPLOYMENT_TARGET = 15.0;
				LD_RUNPATH_SEARCH_PATHS = (
					"$(inherited)",
					"@executable_path/Frameworks",
				);
				MARKETING_VERSION = 1.0;
				PRODUCT_BUNDLE_IDENTIFIER = ovo.id.stage;
				PRODUCT_NAME = Cloud;
				PROVISIONING_PROFILE_SPECIFIER = "match Development ovo.id.stage";
				SDKROOT = iphoneos;
				SWIFT_EMIT_LOC_STRINGS = YES;
				SWIFT_VERSION = 5.0;
				TARGETED_DEVICE_FAMILY = "1,2";
			};
			name = Debug;
		};
		F50E4F1A29719F7500AFFE42 /* Release */ = {
			isa = XCBuildConfiguration;
			buildSettings = {
				ASSETCATALOG_COMPILER_APPICON_NAME = AppIcon;
				ASSETCATALOG_COMPILER_GLOBAL_ACCENT_COLOR_NAME = AccentColor;
				CODE_SIGN_IDENTITY = "iPhone Distribution";
				CODE_SIGN_STYLE = Manual;
				CURRENT_PROJECT_VERSION = 1;
				DEVELOPMENT_TEAM = 842X47DEU9;
				ENABLE_PREVIEWS = YES;
				GENERATE_INFOPLIST_FILE = YES;
				INFOPLIST_KEY_UIApplicationSceneManifest_Generation = YES;
				INFOPLIST_KEY_UIApplicationSupportsIndirectInputEvents = YES;
				INFOPLIST_KEY_UILaunchScreen_Generation = YES;
				INFOPLIST_KEY_UISupportedInterfaceOrientations_iPad = "UIInterfaceOrientationPortrait UIInterfaceOrientationPortraitUpsideDown UIInterfaceOrientationLandscapeLeft UIInterfaceOrientationLandscapeRight";
				INFOPLIST_KEY_UISupportedInterfaceOrientations_iPhone = "UIInterfaceOrientationPortrait UIInterfaceOrientationLandscapeLeft UIInterfaceOrientationLandscapeRight";
				IPHONEOS_DEPLOYMENT_TARGET = 15.0;
				LD_RUNPATH_SEARCH_PATHS = (
					"$(inherited)",
					"@executable_path/Frameworks",
				);
				MARKETING_VERSION = 1.0;
				PRODUCT_BUNDLE_IDENTIFIER = ovo.id.stage;
				PRODUCT_NAME = Cloud;
				PROVISIONING_PROFILE_SPECIFIER = "match AdHoc ovo.id.stage";
				SDKROOT = iphoneos;
				SWIFT_EMIT_LOC_STRINGS = YES;
				SWIFT_VERSION = 5.0;
				TARGETED_DEVICE_FAMILY = "1,2";
				VALIDATE_PRODUCT = YES;
			};
			name = Release;
		};
		F50E4F1C29719F7500AFFE42 /* Debug */ = {
			isa = XCBuildConfiguration;
			buildSettings = {
				ASSETCATALOG_COMPILER_APPICON_NAME = AppIcon;
				ASSETCATALOG_COMPILER_GLOBAL_ACCENT_COLOR_NAME = AccentColor;
				CODE_SIGN_ENTITLEMENTS = macOS/macOS.entitlements;
				CODE_SIGN_STYLE = Automatic;
				COMBINE_HIDPI_IMAGES = YES;
				CURRENT_PROJECT_VERSION = 1;
				DEVELOPMENT_TEAM = 842X47DEU9;
				ENABLE_HARDENED_RUNTIME = YES;
				ENABLE_PREVIEWS = YES;
				GENERATE_INFOPLIST_FILE = YES;
				INFOPLIST_KEY_NSHumanReadableCopyright = "";
				LD_RUNPATH_SEARCH_PATHS = (
					"$(inherited)",
					"@executable_path/../Frameworks",
				);
				MACOSX_DEPLOYMENT_TARGET = 12.0;
				MARKETING_VERSION = 1.0;
				PRODUCT_BUNDLE_IDENTIFIER = ovo.id.Cloud;
				PRODUCT_NAME = Cloud;
				SDKROOT = macosx;
				SWIFT_EMIT_LOC_STRINGS = YES;
				SWIFT_VERSION = 5.0;
			};
			name = Debug;
		};
		F50E4F1D29719F7500AFFE42 /* Release */ = {
			isa = XCBuildConfiguration;
			buildSettings = {
				ASSETCATALOG_COMPILER_APPICON_NAME = AppIcon;
				ASSETCATALOG_COMPILER_GLOBAL_ACCENT_COLOR_NAME = AccentColor;
				CODE_SIGN_ENTITLEMENTS = macOS/macOS.entitlements;
				CODE_SIGN_STYLE = Automatic;
				COMBINE_HIDPI_IMAGES = YES;
				CURRENT_PROJECT_VERSION = 1;
				DEVELOPMENT_TEAM = 842X47DEU9;
				ENABLE_HARDENED_RUNTIME = YES;
				ENABLE_PREVIEWS = YES;
				GENERATE_INFOPLIST_FILE = YES;
				INFOPLIST_KEY_NSHumanReadableCopyright = "";
				LD_RUNPATH_SEARCH_PATHS = (
					"$(inherited)",
					"@executable_path/../Frameworks",
				);
				MACOSX_DEPLOYMENT_TARGET = 12.0;
				MARKETING_VERSION = 1.0;
				PRODUCT_BUNDLE_IDENTIFIER = ovo.id.Cloud;
				PRODUCT_NAME = Cloud;
				SDKROOT = macosx;
				SWIFT_EMIT_LOC_STRINGS = YES;
				SWIFT_VERSION = 5.0;
			};
			name = Release;
		};
		F50E4F1F29719F7500AFFE42 /* Debug */ = {
			isa = XCBuildConfiguration;
			buildSettings = {
				ALWAYS_EMBED_SWIFT_STANDARD_LIBRARIES = YES;
				CODE_SIGN_STYLE = Automatic;
				CURRENT_PROJECT_VERSION = 1;
				DEVELOPMENT_TEAM = 842X47DEU9;
				GENERATE_INFOPLIST_FILE = YES;
				IPHONEOS_DEPLOYMENT_TARGET = 15.0;
				LD_RUNPATH_SEARCH_PATHS = (
					"$(inherited)",
					"@executable_path/Frameworks",
					"@loader_path/Frameworks",
				);
				MARKETING_VERSION = 1.0;
				PRODUCT_BUNDLE_IDENTIFIER = "ovo.id.Tests-iOS";
				PRODUCT_NAME = "$(TARGET_NAME)";
				SDKROOT = iphoneos;
				SWIFT_EMIT_LOC_STRINGS = NO;
				SWIFT_VERSION = 5.0;
				TARGETED_DEVICE_FAMILY = "1,2";
				TEST_TARGET_NAME = "Cloud (iOS)";
			};
			name = Debug;
		};
		F50E4F2029719F7500AFFE42 /* Release */ = {
			isa = XCBuildConfiguration;
			buildSettings = {
				ALWAYS_EMBED_SWIFT_STANDARD_LIBRARIES = YES;
				CODE_SIGN_STYLE = Automatic;
				CURRENT_PROJECT_VERSION = 1;
				DEVELOPMENT_TEAM = 842X47DEU9;
				GENERATE_INFOPLIST_FILE = YES;
				IPHONEOS_DEPLOYMENT_TARGET = 15.0;
				LD_RUNPATH_SEARCH_PATHS = (
					"$(inherited)",
					"@executable_path/Frameworks",
					"@loader_path/Frameworks",
				);
				MARKETING_VERSION = 1.0;
				PRODUCT_BUNDLE_IDENTIFIER = "ovo.id.Tests-iOS";
				PRODUCT_NAME = "$(TARGET_NAME)";
				SDKROOT = iphoneos;
				SWIFT_EMIT_LOC_STRINGS = NO;
				SWIFT_VERSION = 5.0;
				TARGETED_DEVICE_FAMILY = "1,2";
				TEST_TARGET_NAME = "Cloud (iOS)";
				VALIDATE_PRODUCT = YES;
			};
			name = Release;
		};
		F50E4F2229719F7500AFFE42 /* Debug */ = {
			isa = XCBuildConfiguration;
			buildSettings = {
				ALWAYS_EMBED_SWIFT_STANDARD_LIBRARIES = YES;
				CODE_SIGN_STYLE = Automatic;
				COMBINE_HIDPI_IMAGES = YES;
				CURRENT_PROJECT_VERSION = 1;
				DEVELOPMENT_TEAM = 842X47DEU9;
				GENERATE_INFOPLIST_FILE = YES;
				LD_RUNPATH_SEARCH_PATHS = (
					"$(inherited)",
					"@executable_path/../Frameworks",
					"@loader_path/../Frameworks",
				);
				MACOSX_DEPLOYMENT_TARGET = 12.0;
				MARKETING_VERSION = 1.0;
				PRODUCT_BUNDLE_IDENTIFIER = "ovo.id.Tests-macOS";
				PRODUCT_NAME = "$(TARGET_NAME)";
				SDKROOT = macosx;
				SWIFT_EMIT_LOC_STRINGS = NO;
				SWIFT_VERSION = 5.0;
				TEST_TARGET_NAME = "Cloud (macOS)";
			};
			name = Debug;
		};
		F50E4F2329719F7500AFFE42 /* Release */ = {
			isa = XCBuildConfiguration;
			buildSettings = {
				ALWAYS_EMBED_SWIFT_STANDARD_LIBRARIES = YES;
				CODE_SIGN_STYLE = Automatic;
				COMBINE_HIDPI_IMAGES = YES;
				CURRENT_PROJECT_VERSION = 1;
				DEVELOPMENT_TEAM = 842X47DEU9;
				GENERATE_INFOPLIST_FILE = YES;
				LD_RUNPATH_SEARCH_PATHS = (
					"$(inherited)",
					"@executable_path/../Frameworks",
					"@loader_path/../Frameworks",
				);
				MACOSX_DEPLOYMENT_TARGET = 12.0;
				MARKETING_VERSION = 1.0;
				PRODUCT_BUNDLE_IDENTIFIER = "ovo.id.Tests-macOS";
				PRODUCT_NAME = "$(TARGET_NAME)";
				SDKROOT = macosx;
				SWIFT_EMIT_LOC_STRINGS = NO;
				SWIFT_VERSION = 5.0;
				TEST_TARGET_NAME = "Cloud (macOS)";
			};
			name = Release;
		};
/* End XCBuildConfiguration section */

/* Begin XCConfigurationList section */
		F50E4EE629719F7300AFFE42 /* Build configuration list for PBXProject "Cloud" */ = {
			isa = XCConfigurationList;
			buildConfigurations = (
				F50E4F1629719F7500AFFE42 /* Debug */,
				F50E4F1729719F7500AFFE42 /* Release */,
			);
			defaultConfigurationIsVisible = 0;
			defaultConfigurationName = Release;
		};
		F50E4F1829719F7500AFFE42 /* Build configuration list for PBXNativeTarget "Cloud (iOS)" */ = {
			isa = XCConfigurationList;
			buildConfigurations = (
				F50E4F1929719F7500AFFE42 /* Debug */,
				F50E4F1A29719F7500AFFE42 /* Release */,
			);
			defaultConfigurationIsVisible = 0;
			defaultConfigurationName = Release;
		};
		F50E4F1B29719F7500AFFE42 /* Build configuration list for PBXNativeTarget "Cloud (macOS)" */ = {
			isa = XCConfigurationList;
			buildConfigurations = (
				F50E4F1C29719F7500AFFE42 /* Debug */,
				F50E4F1D29719F7500AFFE42 /* Release */,
			);
			defaultConfigurationIsVisible = 0;
			defaultConfigurationName = Release;
		};
		F50E4F1E29719F7500AFFE42 /* Build configuration list for PBXNativeTarget "Tests iOS" */ = {
			isa = XCConfigurationList;
			buildConfigurations = (
				F50E4F1F29719F7500AFFE42 /* Debug */,
				F50E4F2029719F7500AFFE42 /* Release */,
			);
			defaultConfigurationIsVisible = 0;
			defaultConfigurationName = Release;
		};
		F50E4F2129719F7500AFFE42 /* Build configuration list for PBXNativeTarget "Tests macOS" */ = {
			isa = XCConfigurationList;
			buildConfigurations = (
				F50E4F2229719F7500AFFE42 /* Debug */,
				F50E4F2329719F7500AFFE42 /* Release */,
			);
			defaultConfigurationIsVisible = 0;
			defaultConfigurationName = Release;
		};
/* End XCConfigurationList section */
	};
	rootObject = F50E4EE329719F7300AFFE42 /* Project object */;
}
